
Microsoft Visual Studio Solution File, Format Version 12.00
# Visual Studio 15
VisualStudioVersion = 15.0.26228.9
MinimumVisualStudioVersion = 10.0.40219.1
Project("{FAE04EC0-301F-11D3-BF4B-00C04F79EFBC}") = "LanPlatform", "LanPlatform\LanPlatform.csproj", "{603F3168-A548-47DC-8FEC-1057DE740D28}"
EndProject
Project("{FAE04EC0-301F-11D3-BF4B-00C04F79EFBC}") = "LanPlatform.Tests", "LanPlatform.Tests\LanPlatform.Tests.csproj", "{7FE4931A-0640-49B7-ADD6-A33A267926D0}"
EndProject
Global
	GlobalSection(SolutionConfigurationPlatforms) = preSolution
		Debug|Any CPU = Debug|Any CPU
		Release|Any CPU = Release|Any CPU
	EndGlobalSection
	GlobalSection(ProjectConfigurationPlatforms) = postSolution
		{603F3168-A548-47DC-8FEC-1057DE740D28}.Debug|Any CPU.ActiveCfg = Debug|Any CPU
		{603F3168-A548-47DC-8FEC-1057DE740D28}.Debug|Any CPU.Build.0 = Debug|Any CPU
		{603F3168-A548-47DC-8FEC-1057DE740D28}.Release|Any CPU.ActiveCfg = Release|Any CPU
		{603F3168-A548-47DC-8FEC-1057DE740D28}.Release|Any CPU.Build.0 = Release|Any CPU
		{7FE4931A-0640-49B7-ADD6-A33A267926D0}.Debug|Any CPU.ActiveCfg = Debug|Any CPU
		{7FE4931A-0640-49B7-ADD6-A33A267926D0}.Debug|Any CPU.Build.0 = Debug|Any CPU
		{7FE4931A-0640-49B7-ADD6-A33A267926D0}.Release|Any CPU.ActiveCfg = Release|Any CPU
		{7FE4931A-0640-49B7-ADD6-A33A267926D0}.Release|Any CPU.Build.0 = Release|Any CPU
	EndGlobalSection
	GlobalSection(SolutionProperties) = preSolution
		HideSolutionNode = FALSE
	EndGlobalSection
EndGlobal
